
Microsoft Visual Studio Solution File, Format Version 12.00
# Visual Studio Version 17
VisualStudioVersion = 17.0.31903.59
MinimumVisualStudioVersion = 10.0.40219.1
Project("{2150E333-8FDC-42A3-9474-1A3956D46DE8}") = "src", "src", "{827E0CD3-B72D-47B6-A68D-7590B98EB39B}"
EndProject
Project("{FAE04EC0-301F-11D3-BF4B-00C04F79EFBC}") = "TaskManager.Api", "src\TaskManager.Api\TaskManager.Api.csproj", "{2764AD10-416B-4F06-BF69-B3DD2120B4B9}"
EndProject
Project("{FAE04EC0-301F-11D3-BF4B-00C04F79EFBC}") = "TaskManager.Application", "src\TaskManager.Application\TaskManager.Application.csproj", "{3AFFA08B-0834-4472-9A84-85558FE62B4D}"
EndProject
Project("{FAE04EC0-301F-11D3-BF4B-00C04F79EFBC}") = "TaskManager.Domain", "src\TaskManager.Domain\TaskManager.Domain.csproj", "{B71961A5-1EB6-45BD-8D7E-E0BA3EDA0E14}"
EndProject
Project("{FAE04EC0-301F-11D3-BF4B-00C04F79EFBC}") = "TaskManager.Infrastructure", "src\TaskManager.Infrastructure\TaskManager.Infrastructure.csproj", "{32C2F1FE-85D2-425B-9888-4EA75F789A23}"
EndProject
Global
	GlobalSection(SolutionConfigurationPlatforms) = preSolution
		Debug|Any CPU = Debug|Any CPU
		Debug|x64 = Debug|x64
		Debug|x86 = Debug|x86
		Release|Any CPU = Release|Any CPU
		Release|x64 = Release|x64
		Release|x86 = Release|x86
	EndGlobalSection
	GlobalSection(ProjectConfigurationPlatforms) = postSolution
		{2764AD10-416B-4F06-BF69-B3DD2120B4B9}.Debug|Any CPU.ActiveCfg = Debug|Any CPU
		{2764AD10-416B-4F06-BF69-B3DD2120B4B9}.Debug|Any CPU.Build.0 = Debug|Any CPU
		{2764AD10-416B-4F06-BF69-B3DD2120B4B9}.Debug|x64.ActiveCfg = Debug|Any CPU
		{2764AD10-416B-4F06-BF69-B3DD2120B4B9}.Debug|x64.Build.0 = Debug|Any CPU
		{2764AD10-416B-4F06-BF69-B3DD2120B4B9}.Debug|x86.ActiveCfg = Debug|Any CPU
		{2764AD10-416B-4F06-BF69-B3DD2120B4B9}.Debug|x86.Build.0 = Debug|Any CPU
		{2764AD10-416B-4F06-BF69-B3DD2120B4B9}.Release|Any CPU.ActiveCfg = Release|Any CPU
		{2764AD10-416B-4F06-BF69-B3DD2120B4B9}.Release|Any CPU.Build.0 = Release|Any CPU
		{2764AD10-416B-4F06-BF69-B3DD2120B4B9}.Release|x64.ActiveCfg = Release|Any CPU
		{2764AD10-416B-4F06-BF69-B3DD2120B4B9}.Release|x64.Build.0 = Release|Any CPU
		{2764AD10-416B-4F06-BF69-B3DD2120B4B9}.Release|x86.ActiveCfg = Release|Any CPU
		{2764AD10-416B-4F06-BF69-B3DD2120B4B9}.Release|x86.Build.0 = Release|Any CPU
		{3AFFA08B-0834-4472-9A84-85558FE62B4D}.Debug|Any CPU.ActiveCfg = Debug|Any CPU
		{3AFFA08B-0834-4472-9A84-85558FE62B4D}.Debug|Any CPU.Build.0 = Debug|Any CPU
		{3AFFA08B-0834-4472-9A84-85558FE62B4D}.Debug|x64.ActiveCfg = Debug|Any CPU
		{3AFFA08B-0834-4472-9A84-85558FE62B4D}.Debug|x64.Build.0 = Debug|Any CPU
		{3AFFA08B-0834-4472-9A84-85558FE62B4D}.Debug|x86.ActiveCfg = Debug|Any CPU
		{3AFFA08B-0834-4472-9A84-85558FE62B4D}.Debug|x86.Build.0 = Debug|Any CPU
		{3AFFA08B-0834-4472-9A84-85558FE62B4D}.Release|Any CPU.ActiveCfg = Release|Any CPU
		{3AFFA08B-0834-4472-9A84-85558FE62B4D}.Release|Any CPU.Build.0 = Release|Any CPU
		{3AFFA08B-0834-4472-9A84-85558FE62B4D}.Release|x64.ActiveCfg = Release|Any CPU
		{3AFFA08B-0834-4472-9A84-85558FE62B4D}.Release|x64.Build.0 = Release|Any CPU
		{3AFFA08B-0834-4472-9A84-85558FE62B4D}.Release|x86.ActiveCfg = Release|Any CPU
		{3AFFA08B-0834-4472-9A84-85558FE62B4D}.Release|x86.Build.0 = Release|Any CPU
		{B71961A5-1EB6-45BD-8D7E-E0BA3EDA0E14}.Debug|Any CPU.ActiveCfg = Debug|Any CPU
		{B71961A5-1EB6-45BD-8D7E-E0BA3EDA0E14}.Debug|Any CPU.Build.0 = Debug|Any CPU
		{B71961A5-1EB6-45BD-8D7E-E0BA3EDA0E14}.Debug|x64.ActiveCfg = Debug|Any CPU
		{B71961A5-1EB6-45BD-8D7E-E0BA3EDA0E14}.Debug|x64.Build.0 = Debug|Any CPU
		{B71961A5-1EB6-45BD-8D7E-E0BA3EDA0E14}.Debug|x86.ActiveCfg = Debug|Any CPU
		{B71961A5-1EB6-45BD-8D7E-E0BA3EDA0E14}.Debug|x86.Build.0 = Debug|Any CPU
		{B71961A5-1EB6-45BD-8D7E-E0BA3EDA0E14}.Release|Any CPU.ActiveCfg = Release|Any CPU
		{B71961A5-1EB6-45BD-8D7E-E0BA3EDA0E14}.Release|Any CPU.Build.0 = Release|Any CPU
		{B71961A5-1EB6-45BD-8D7E-E0BA3EDA0E14}.Release|x64.ActiveCfg = Release|Any CPU
		{B71961A5-1EB6-45BD-8D7E-E0BA3EDA0E14}.Release|x64.Build.0 = Release|Any CPU
		{B71961A5-1EB6-45BD-8D7E-E0BA3EDA0E14}.Release|x86.ActiveCfg = Release|Any CPU
		{B71961A5-1EB6-45BD-8D7E-E0BA3EDA0E14}.Release|x86.Build.0 = Release|Any CPU
		{32C2F1FE-85D2-425B-9888-4EA75F789A23}.Debug|Any CPU.ActiveCfg = Debug|Any CPU
		{32C2F1FE-85D2-425B-9888-4EA75F789A23}.Debug|Any CPU.Build.0 = Debug|Any CPU
		{32C2F1FE-85D2-425B-9888-4EA75F789A23}.Debug|x64.ActiveCfg = Debug|Any CPU
		{32C2F1FE-85D2-425B-9888-4EA75F789A23}.Debug|x64.Build.0 = Debug|Any CPU
		{32C2F1FE-85D2-425B-9888-4EA75F789A23}.Debug|x86.ActiveCfg = Debug|Any CPU
		{32C2F1FE-85D2-425B-9888-4EA75F789A23}.Debug|x86.Build.0 = Debug|Any CPU
		{32C2F1FE-85D2-425B-9888-4EA75F789A23}.Release|Any CPU.ActiveCfg = Release|Any CPU
		{32C2F1FE-85D2-425B-9888-4EA75F789A23}.Release|Any CPU.Build.0 = Release|Any CPU
		{32C2F1FE-85D2-425B-9888-4EA75F789A23}.Release|x64.ActiveCfg = Release|Any CPU
		{32C2F1FE-85D2-425B-9888-4EA75F789A23}.Release|x64.Build.0 = Release|Any CPU
		{32C2F1FE-85D2-425B-9888-4EA75F789A23}.Release|x86.ActiveCfg = Release|Any CPU
		{32C2F1FE-85D2-425B-9888-4EA75F789A23}.Release|x86.Build.0 = Release|Any CPU
	EndGlobalSection
	GlobalSection(SolutionProperties) = preSolution
		HideSolutionNode = FALSE
	EndGlobalSection
	GlobalSection(NestedProjects) = preSolution
		{2764AD10-416B-4F06-BF69-B3DD2120B4B9} = {827E0CD3-B72D-47B6-A68D-7590B98EB39B}
		{3AFFA08B-0834-4472-9A84-85558FE62B4D} = {827E0CD3-B72D-47B6-A68D-7590B98EB39B}
		{B71961A5-1EB6-45BD-8D7E-E0BA3EDA0E14} = {827E0CD3-B72D-47B6-A68D-7590B98EB39B}
		{32C2F1FE-85D2-425B-9888-4EA75F789A23} = {827E0CD3-B72D-47B6-A68D-7590B98EB39B}
	EndGlobalSection
EndGlobal
